
Microsoft Visual Studio Solution File, Format Version 12.00
# Visual Studio Version 17
VisualStudioVersion = 17.14.36623.8
MinimumVisualStudioVersion = 10.0.40219.1
Project("{FAE04EC0-301F-11D3-BF4B-00C04F79EFBC}") = "excersise_3_pokemon_simulator", "excersise_3_pokemon_simulator\excersise_3_pokemon_simulator.csproj", "{6B49AA46-5D68-4795-A728-0FD3C2677990}"
EndProject
Project("{FAE04EC0-301F-11D3-BF4B-00C04F79EFBC}") = "Utils", "Utils\Utils.csproj", "{3371CE57-EF11-4A76-B52D-D252C96DC8E6}"
EndProject
Global
	GlobalSection(SolutionConfigurationPlatforms) = preSolution
		Debug|Any CPU = Debug|Any CPU
		Release|Any CPU = Release|Any CPU
	EndGlobalSection
	GlobalSection(ProjectConfigurationPlatforms) = postSolution
		{6B49AA46-5D68-4795-A728-0FD3C2677990}.Debug|Any CPU.ActiveCfg = Debug|Any CPU
		{6B49AA46-5D68-4795-A728-0FD3C2677990}.Debug|Any CPU.Build.0 = Debug|Any CPU
		{6B49AA46-5D68-4795-A728-0FD3C2677990}.Release|Any CPU.ActiveCfg = Release|Any CPU
		{6B49AA46-5D68-4795-A728-0FD3C2677990}.Release|Any CPU.Build.0 = Release|Any CPU
		{3371CE57-EF11-4A76-B52D-D252C96DC8E6}.Debug|Any CPU.ActiveCfg = Debug|Any CPU
		{3371CE57-EF11-4A76-B52D-D252C96DC8E6}.Debug|Any CPU.Build.0 = Debug|Any CPU
		{3371CE57-EF11-4A76-B52D-D252C96DC8E6}.Release|Any CPU.ActiveCfg = Release|Any CPU
		{3371CE57-EF11-4A76-B52D-D252C96DC8E6}.Release|Any CPU.Build.0 = Release|Any CPU
	EndGlobalSection
	GlobalSection(SolutionProperties) = preSolution
		HideSolutionNode = FALSE
	EndGlobalSection
	GlobalSection(ExtensibilityGlobals) = postSolution
		SolutionGuid = {52950E69-A443-437D-A33E-F26A9DA0930A}
	EndGlobalSection
EndGlobal
